
Microsoft Visual Studio Solution File, Format Version 12.00
# Visual Studio Version 16
VisualStudioVersion = 16.0.31321.278
MinimumVisualStudioVersion = 10.0.40219.1
Project("{FAE04EC0-301F-11D3-BF4B-00C04F79EFBC}") = "React Template", "React Template.csproj", "{C7DE9B78-E201-473D-B1B7-2C2823401F1D}"
EndProject
Global
	GlobalSection(SolutionConfigurationPlatforms) = preSolution
		Debug|Any CPU = Debug|Any CPU
		Release|Any CPU = Release|Any CPU
	EndGlobalSection
	GlobalSection(ProjectConfigurationPlatforms) = postSolution
		{C7DE9B78-E201-473D-B1B7-2C2823401F1D}.Debug|Any CPU.ActiveCfg = Debug|Any CPU
		{C7DE9B78-E201-473D-B1B7-2C2823401F1D}.Debug|Any CPU.Build.0 = Debug|Any CPU
		{C7DE9B78-E201-473D-B1B7-2C2823401F1D}.Release|Any CPU.ActiveCfg = Release|Any CPU
		{C7DE9B78-E201-473D-B1B7-2C2823401F1D}.Release|Any CPU.Build.0 = Release|Any CPU
	EndGlobalSection
	GlobalSection(SolutionProperties) = preSolution
		HideSolutionNode = FALSE
	EndGlobalSection
	GlobalSection(ExtensibilityGlobals) = postSolution
		SolutionGuid = {26F0307D-3835-4A86-9A65-A79FF08F4DD8}
	EndGlobalSection
EndGlobal
